
Microsoft Visual Studio Solution File, Format Version 12.00
# Visual Studio 15
VisualStudioVersion = 15.0.27004.2005
MinimumVisualStudioVersion = 10.0.40219.1
Project("{FAE04EC0-301F-11D3-BF4B-00C04F79EFBC}") = "Лаб работа 1 Ваксина Ия", "Лаб работа 1 Ваксина Ия\Лаб работа 1 Ваксина Ия.csproj", "{90D2EA8E-3A28-4E10-823D-EFBB47FE3397}"
EndProject
Global
	GlobalSection(SolutionConfigurationPlatforms) = preSolution
		Debug|Any CPU = Debug|Any CPU
		Release|Any CPU = Release|Any CPU
	EndGlobalSection
	GlobalSection(ProjectConfigurationPlatforms) = postSolution
		{90D2EA8E-3A28-4E10-823D-EFBB47FE3397}.Debug|Any CPU.ActiveCfg = Debug|Any CPU
		{90D2EA8E-3A28-4E10-823D-EFBB47FE3397}.Debug|Any CPU.Build.0 = Debug|Any CPU
		{90D2EA8E-3A28-4E10-823D-EFBB47FE3397}.Release|Any CPU.ActiveCfg = Release|Any CPU
		{90D2EA8E-3A28-4E10-823D-EFBB47FE3397}.Release|Any CPU.Build.0 = Release|Any CPU
	EndGlobalSection
	GlobalSection(SolutionProperties) = preSolution
		HideSolutionNode = FALSE
	EndGlobalSection
	GlobalSection(ExtensibilityGlobals) = postSolution
		SolutionGuid = {A234F0C7-FD43-4B8F-9660-052C2D07F3BC}
	EndGlobalSection
EndGlobal
